
Microsoft Visual Studio Solution File, Format Version 12.00
# Visual Studio Version 18
VisualStudioVersion = 18.4.11620.152
MinimumVisualStudioVersion = 10.0.40219.1
Project("{FAE04EC0-301F-11D3-BF4B-00C04F79EFBC}") = "AMControlWinF", "AMControlWinF\AMControlWinF.csproj", "{29D06577-4910-4D70-843A-630FF701F930}"
EndProject
Project("{FAE04EC0-301F-11D3-BF4B-00C04F79EFBC}") = "AM.Tools", "AM.Tools\AM.Tools.csproj", "{C3FCA058-3848-457D-82C6-BEE3DBA7EC76}"
EndProject
Project("{FAE04EC0-301F-11D3-BF4B-00C04F79EFBC}") = "AM.MotionService", "AM.MotionService\AM.MotionService.csproj", "{6EA470CF-D319-459D-B90A-8981C12D9F03}"
EndProject
Project("{FAE04EC0-301F-11D3-BF4B-00C04F79EFBC}") = "AM.Model", "AM.Model\AM.Model.csproj", "{22CF4793-F392-4421-98FD-0F2E07200689}"
EndProject
Project("{FAE04EC0-301F-11D3-BF4B-00C04F79EFBC}") = "AM.DBService", "AM.DBService\AM.DBService.csproj", "{EBBE3FD7-29E4-4976-B182-2DA541A363B5}"
EndProject
Project("{FAE04EC0-301F-11D3-BF4B-00C04F79EFBC}") = "AM.Core", "AM.Core\AM.Core.csproj", "{7B305EB1-7403-4C0C-82D4-C871B4C2D877}"
EndProject
Project("{FAE04EC0-301F-11D3-BF4B-00C04F79EFBC}") = "AM.App", "AM.App\AM.App.csproj", "{58D771B4-94D2-4FBB-9960-962DD599BD05}"
EndProject
Project("{FAE04EC0-301F-11D3-BF4B-00C04F79EFBC}") = "AM.PageModel", "AM.PageModel\AM.PageModel.csproj", "{509B39C5-D68E-4F86-90BC-52A5A251F16E}"
EndProject
Project("{2150E333-8FDC-42A3-9474-1A3956D46DE8}") = "Libsrc", "Libsrc", "{38B153B2-2B20-4F8C-A56C-197E6690DCBE}"
EndProject
Project("{2150E333-8FDC-42A3-9474-1A3956D46DE8}") = "Antdui", "Antdui", "{4F060B24-006E-4751-B8F9-F59D488492C3}"
EndProject
Project("{FAE04EC0-301F-11D3-BF4B-00C04F79EFBC}") = "AntdUI", "Libsrc\AntdUI\AntdUI\AntdUI.csproj", "{B71D90FD-488D-7C5B-9629-B2A95469F3F0}"
EndProject
Project("{2150E333-8FDC-42A3-9474-1A3956D46DE8}") = "ProtocolLib", "ProtocolLib", "{DD3BF615-6267-41C9-81B3-C4B1DE0CF29B}"
EndProject
Project("{2150E333-8FDC-42A3-9474-1A3956D46DE8}") = "Modbus", "Modbus", "{3472FB1D-5B74-4CB3-9422-D4D7E0BAD554}"
EndProject
Project("{2150E333-8FDC-42A3-9474-1A3956D46DE8}") = "Common", "Common", "{30797B58-0152-41F9-BB0D-2F38D743B7A6}"
EndProject
Project("{FAE04EC0-301F-11D3-BF4B-00C04F79EFBC}") = "CommonLib", "ProtocolLib\Common\CommonLib\CommonLib.csproj", "{146EF3FA-E6C7-41E9-715D-93015B0E875A}"
EndProject
Project("{FAE04EC0-301F-11D3-BF4B-00C04F79EFBC}") = "ModbusTcp", "ProtocolLib\Modbus\ModbusTcp\ModbusTcp.csproj", "{B214D482-19D9-F1BA-37A5-4126A3BB6732}"
EndProject
Project("{2150E333-8FDC-42A3-9474-1A3956D46DE8}") = "Siemens", "Siemens", "{8D8FB92B-2632-4613-866E-6BDE7C834A74}"
EndProject
Project("{FAE04EC0-301F-11D3-BF4B-00C04F79EFBC}") = "S7Tcp", "ProtocolLib\Siemens\S7Tcp\S7Tcp.csproj", "{3DB3C110-D05E-6231-7221-40DBFC2BA049}"
EndProject
Global
	GlobalSection(SolutionConfigurationPlatforms) = preSolution
		Debug|Any CPU = Debug|Any CPU
		Release|Any CPU = Release|Any CPU
	EndGlobalSection
	GlobalSection(ProjectConfigurationPlatforms) = postSolution
		{29D06577-4910-4D70-843A-630FF701F930}.Debug|Any CPU.ActiveCfg = Debug|Any CPU
		{29D06577-4910-4D70-843A-630FF701F930}.Debug|Any CPU.Build.0 = Debug|Any CPU
		{29D06577-4910-4D70-843A-630FF701F930}.Release|Any CPU.ActiveCfg = Release|Any CPU
		{29D06577-4910-4D70-843A-630FF701F930}.Release|Any CPU.Build.0 = Release|Any CPU
		{C3FCA058-3848-457D-82C6-BEE3DBA7EC76}.Debug|Any CPU.ActiveCfg = Debug|Any CPU
		{C3FCA058-3848-457D-82C6-BEE3DBA7EC76}.Debug|Any CPU.Build.0 = Debug|Any CPU
		{C3FCA058-3848-457D-82C6-BEE3DBA7EC76}.Release|Any CPU.ActiveCfg = Release|Any CPU
		{C3FCA058-3848-457D-82C6-BEE3DBA7EC76}.Release|Any CPU.Build.0 = Release|Any CPU
		{6EA470CF-D319-459D-B90A-8981C12D9F03}.Debug|Any CPU.ActiveCfg = Debug|Any CPU
		{6EA470CF-D319-459D-B90A-8981C12D9F03}.Debug|Any CPU.Build.0 = Debug|Any CPU
		{6EA470CF-D319-459D-B90A-8981C12D9F03}.Release|Any CPU.ActiveCfg = Release|Any CPU
		{6EA470CF-D319-459D-B90A-8981C12D9F03}.Release|Any CPU.Build.0 = Release|Any CPU
		{22CF4793-F392-4421-98FD-0F2E07200689}.Debug|Any CPU.ActiveCfg = Debug|Any CPU
		{22CF4793-F392-4421-98FD-0F2E07200689}.Debug|Any CPU.Build.0 = Debug|Any CPU
		{22CF4793-F392-4421-98FD-0F2E07200689}.Release|Any CPU.ActiveCfg = Release|Any CPU
		{22CF4793-F392-4421-98FD-0F2E07200689}.Release|Any CPU.Build.0 = Release|Any CPU
		{EBBE3FD7-29E4-4976-B182-2DA541A363B5}.Debug|Any CPU.ActiveCfg = Debug|Any CPU
		{EBBE3FD7-29E4-4976-B182-2DA541A363B5}.Debug|Any CPU.Build.0 = Debug|Any CPU
		{EBBE3FD7-29E4-4976-B182-2DA541A363B5}.Release|Any CPU.ActiveCfg = Release|Any CPU
		{EBBE3FD7-29E4-4976-B182-2DA541A363B5}.Release|Any CPU.Build.0 = Release|Any CPU
		{7B305EB1-7403-4C0C-82D4-C871B4C2D877}.Debug|Any CPU.ActiveCfg = Debug|Any CPU
		{7B305EB1-7403-4C0C-82D4-C871B4C2D877}.Debug|Any CPU.Build.0 = Debug|Any CPU
		{7B305EB1-7403-4C0C-82D4-C871B4C2D877}.Release|Any CPU.ActiveCfg = Release|Any CPU
		{7B305EB1-7403-4C0C-82D4-C871B4C2D877}.Release|Any CPU.Build.0 = Release|Any CPU
		{58D771B4-94D2-4FBB-9960-962DD599BD05}.Debug|Any CPU.ActiveCfg = Debug|Any CPU
		{58D771B4-94D2-4FBB-9960-962DD599BD05}.Debug|Any CPU.Build.0 = Debug|Any CPU
		{58D771B4-94D2-4FBB-9960-962DD599BD05}.Release|Any CPU.ActiveCfg = Release|Any CPU
		{58D771B4-94D2-4FBB-9960-962DD599BD05}.Release|Any CPU.Build.0 = Release|Any CPU
		{509B39C5-D68E-4F86-90BC-52A5A251F16E}.Debug|Any CPU.ActiveCfg = Debug|Any CPU
		{509B39C5-D68E-4F86-90BC-52A5A251F16E}.Debug|Any CPU.Build.0 = Debug|Any CPU
		{509B39C5-D68E-4F86-90BC-52A5A251F16E}.Release|Any CPU.ActiveCfg = Release|Any CPU
		{509B39C5-D68E-4F86-90BC-52A5A251F16E}.Release|Any CPU.Build.0 = Release|Any CPU
		{B71D90FD-488D-7C5B-9629-B2A95469F3F0}.Debug|Any CPU.ActiveCfg = Debug|Any CPU
		{B71D90FD-488D-7C5B-9629-B2A95469F3F0}.Debug|Any CPU.Build.0 = Debug|Any CPU
		{B71D90FD-488D-7C5B-9629-B2A95469F3F0}.Release|Any CPU.ActiveCfg = Release|Any CPU
		{B71D90FD-488D-7C5B-9629-B2A95469F3F0}.Release|Any CPU.Build.0 = Release|Any CPU
		{146EF3FA-E6C7-41E9-715D-93015B0E875A}.Debug|Any CPU.ActiveCfg = Debug|Any CPU
		{146EF3FA-E6C7-41E9-715D-93015B0E875A}.Debug|Any CPU.Build.0 = Debug|Any CPU
		{146EF3FA-E6C7-41E9-715D-93015B0E875A}.Release|Any CPU.ActiveCfg = Release|Any CPU
		{146EF3FA-E6C7-41E9-715D-93015B0E875A}.Release|Any CPU.Build.0 = Release|Any CPU
		{B214D482-19D9-F1BA-37A5-4126A3BB6732}.Debug|Any CPU.ActiveCfg = Debug|Any CPU
		{B214D482-19D9-F1BA-37A5-4126A3BB6732}.Debug|Any CPU.Build.0 = Debug|Any CPU
		{B214D482-19D9-F1BA-37A5-4126A3BB6732}.Release|Any CPU.ActiveCfg = Release|Any CPU
		{B214D482-19D9-F1BA-37A5-4126A3BB6732}.Release|Any CPU.Build.0 = Release|Any CPU
		{3DB3C110-D05E-6231-7221-40DBFC2BA049}.Debug|Any CPU.ActiveCfg = Debug|Any CPU
		{3DB3C110-D05E-6231-7221-40DBFC2BA049}.Debug|Any CPU.Build.0 = Debug|Any CPU
		{3DB3C110-D05E-6231-7221-40DBFC2BA049}.Release|Any CPU.ActiveCfg = Release|Any CPU
		{3DB3C110-D05E-6231-7221-40DBFC2BA049}.Release|Any CPU.Build.0 = Release|Any CPU
	EndGlobalSection
	GlobalSection(SolutionProperties) = preSolution
		HideSolutionNode = FALSE
	EndGlobalSection
	GlobalSection(NestedProjects) = preSolution
		{4F060B24-006E-4751-B8F9-F59D488492C3} = {38B153B2-2B20-4F8C-A56C-197E6690DCBE}
		{B71D90FD-488D-7C5B-9629-B2A95469F3F0} = {4F060B24-006E-4751-B8F9-F59D488492C3}
		{3472FB1D-5B74-4CB3-9422-D4D7E0BAD554} = {DD3BF615-6267-41C9-81B3-C4B1DE0CF29B}
		{30797B58-0152-41F9-BB0D-2F38D743B7A6} = {DD3BF615-6267-41C9-81B3-C4B1DE0CF29B}
		{146EF3FA-E6C7-41E9-715D-93015B0E875A} = {30797B58-0152-41F9-BB0D-2F38D743B7A6}
		{B214D482-19D9-F1BA-37A5-4126A3BB6732} = {3472FB1D-5B74-4CB3-9422-D4D7E0BAD554}
		{8D8FB92B-2632-4613-866E-6BDE7C834A74} = {DD3BF615-6267-41C9-81B3-C4B1DE0CF29B}
		{3DB3C110-D05E-6231-7221-40DBFC2BA049} = {8D8FB92B-2632-4613-866E-6BDE7C834A74}
	EndGlobalSection
	GlobalSection(ExtensibilityGlobals) = postSolution
		SolutionGuid = {C883A67B-CAA1-4715-A64C-2A2FCEFE6818}
	EndGlobalSection
EndGlobal
