
Microsoft Visual Studio Solution File, Format Version 12.00
# Visual Studio Version 18
VisualStudioVersion = 18.3.11520.95
MinimumVisualStudioVersion = 10.0.40219.1
Project("{FAE04EC0-301F-11D3-BF4B-00C04F79EFBC}") = "AMControlWPF", "AMControlWPF\AMControlWPF.csproj", "{19285BEB-662F-4472-821E-447352C63188}"
EndProject
Project("{FAE04EC0-301F-11D3-BF4B-00C04F79EFBC}") = "AM.Model", "AM.Model\AM.Model.csproj", "{22CF4793-F392-4421-98FD-0F2E07200689}"
EndProject
Project("{FAE04EC0-301F-11D3-BF4B-00C04F79EFBC}") = "AM.Tools", "AM.Tools\AM.Tools.csproj", "{C3FCA058-3848-457D-82C6-BEE3DBA7EC76}"
EndProject
Project("{FAE04EC0-301F-11D3-BF4B-00C04F79EFBC}") = "AM.ViewModel", "AM.ViewModel\AM.ViewModel.csproj", "{DEBE681D-1B33-4792-A4DF-3CC204031B73}"
EndProject
Project("{FAE04EC0-301F-11D3-BF4B-00C04F79EFBC}") = "AM.DBService", "AM.DBService\AM.DBService.csproj", "{EBBE3FD7-29E4-4976-B182-2DA541A363B5}"
EndProject
Project("{FAE04EC0-301F-11D3-BF4B-00C04F79EFBC}") = "AM.MotionService", "AM.MotionService\AM.MotionService.csproj", "{6EA470CF-D319-459D-B90A-8981C12D9F03}"
EndProject
Project("{FAE04EC0-301F-11D3-BF4B-00C04F79EFBC}") = "AM.Core", "AM.Core\AM.Core.csproj", "{7B305EB1-7403-4C0C-82D4-C871B4C2D877}"
EndProject
Project("{FAE04EC0-301F-11D3-BF4B-00C04F79EFBC}") = "AM.App", "AM.App\AM.App.csproj", "{58D771B4-94D2-4FBB-9960-962DD599BD05}"
EndProject
Global
	GlobalSection(SolutionConfigurationPlatforms) = preSolution
		Debug|Any CPU = Debug|Any CPU
		Release|Any CPU = Release|Any CPU
	EndGlobalSection
	GlobalSection(ProjectConfigurationPlatforms) = postSolution
		{19285BEB-662F-4472-821E-447352C63188}.Debug|Any CPU.ActiveCfg = Debug|Any CPU
		{19285BEB-662F-4472-821E-447352C63188}.Debug|Any CPU.Build.0 = Debug|Any CPU
		{19285BEB-662F-4472-821E-447352C63188}.Release|Any CPU.ActiveCfg = Release|Any CPU
		{19285BEB-662F-4472-821E-447352C63188}.Release|Any CPU.Build.0 = Release|Any CPU
		{22CF4793-F392-4421-98FD-0F2E07200689}.Debug|Any CPU.ActiveCfg = Debug|Any CPU
		{22CF4793-F392-4421-98FD-0F2E07200689}.Debug|Any CPU.Build.0 = Debug|Any CPU
		{22CF4793-F392-4421-98FD-0F2E07200689}.Release|Any CPU.ActiveCfg = Release|Any CPU
		{22CF4793-F392-4421-98FD-0F2E07200689}.Release|Any CPU.Build.0 = Release|Any CPU
		{C3FCA058-3848-457D-82C6-BEE3DBA7EC76}.Debug|Any CPU.ActiveCfg = Debug|Any CPU
		{C3FCA058-3848-457D-82C6-BEE3DBA7EC76}.Debug|Any CPU.Build.0 = Debug|Any CPU
		{C3FCA058-3848-457D-82C6-BEE3DBA7EC76}.Release|Any CPU.ActiveCfg = Release|Any CPU
		{C3FCA058-3848-457D-82C6-BEE3DBA7EC76}.Release|Any CPU.Build.0 = Release|Any CPU
		{DEBE681D-1B33-4792-A4DF-3CC204031B73}.Debug|Any CPU.ActiveCfg = Debug|Any CPU
		{DEBE681D-1B33-4792-A4DF-3CC204031B73}.Debug|Any CPU.Build.0 = Debug|Any CPU
		{DEBE681D-1B33-4792-A4DF-3CC204031B73}.Release|Any CPU.ActiveCfg = Release|Any CPU
		{DEBE681D-1B33-4792-A4DF-3CC204031B73}.Release|Any CPU.Build.0 = Release|Any CPU
		{EBBE3FD7-29E4-4976-B182-2DA541A363B5}.Debug|Any CPU.ActiveCfg = Debug|Any CPU
		{EBBE3FD7-29E4-4976-B182-2DA541A363B5}.Debug|Any CPU.Build.0 = Debug|Any CPU
		{EBBE3FD7-29E4-4976-B182-2DA541A363B5}.Release|Any CPU.ActiveCfg = Release|Any CPU
		{EBBE3FD7-29E4-4976-B182-2DA541A363B5}.Release|Any CPU.Build.0 = Release|Any CPU
		{6EA470CF-D319-459D-B90A-8981C12D9F03}.Debug|Any CPU.ActiveCfg = Debug|Any CPU
		{6EA470CF-D319-459D-B90A-8981C12D9F03}.Debug|Any CPU.Build.0 = Debug|Any CPU
		{6EA470CF-D319-459D-B90A-8981C12D9F03}.Release|Any CPU.ActiveCfg = Release|Any CPU
		{6EA470CF-D319-459D-B90A-8981C12D9F03}.Release|Any CPU.Build.0 = Release|Any CPU
		{7B305EB1-7403-4C0C-82D4-C871B4C2D877}.Debug|Any CPU.ActiveCfg = Debug|Any CPU
		{7B305EB1-7403-4C0C-82D4-C871B4C2D877}.Debug|Any CPU.Build.0 = Debug|Any CPU
		{7B305EB1-7403-4C0C-82D4-C871B4C2D877}.Release|Any CPU.ActiveCfg = Release|Any CPU
		{7B305EB1-7403-4C0C-82D4-C871B4C2D877}.Release|Any CPU.Build.0 = Release|Any CPU
		{58D771B4-94D2-4FBB-9960-962DD599BD05}.Debug|Any CPU.ActiveCfg = Debug|Any CPU
		{58D771B4-94D2-4FBB-9960-962DD599BD05}.Debug|Any CPU.Build.0 = Debug|Any CPU
		{58D771B4-94D2-4FBB-9960-962DD599BD05}.Release|Any CPU.ActiveCfg = Release|Any CPU
		{58D771B4-94D2-4FBB-9960-962DD599BD05}.Release|Any CPU.Build.0 = Release|Any CPU
	EndGlobalSection
	GlobalSection(SolutionProperties) = preSolution
		HideSolutionNode = FALSE
	EndGlobalSection
	GlobalSection(ExtensibilityGlobals) = postSolution
		SolutionGuid = {0E7A943C-970C-4D6B-9888-2C2CA7BAB2C0}
	EndGlobalSection
EndGlobal
