
Microsoft Visual Studio Solution File, Format Version 12.00
# Visual Studio Version 18
VisualStudioVersion = 18.1.11312.151
MinimumVisualStudioVersion = 10.0.40219.1
Project("{FAE04EC0-301F-11D3-BF4B-00C04F79EFBC}") = "AntdUI", "AntdUI\AntdUI.csproj", "{960D9F52-3FAC-3467-6A10-28BE3831C855}"
EndProject
Global
	GlobalSection(SolutionConfigurationPlatforms) = preSolution
		Debug|Any CPU = Debug|Any CPU
		Release|Any CPU = Release|Any CPU
	EndGlobalSection
	GlobalSection(ProjectConfigurationPlatforms) = postSolution
		{960D9F52-3FAC-3467-6A10-28BE3831C855}.Debug|Any CPU.ActiveCfg = Debug|Any CPU
		{960D9F52-3FAC-3467-6A10-28BE3831C855}.Debug|Any CPU.Build.0 = Debug|Any CPU
		{960D9F52-3FAC-3467-6A10-28BE3831C855}.Release|Any CPU.ActiveCfg = Release|Any CPU
		{960D9F52-3FAC-3467-6A10-28BE3831C855}.Release|Any CPU.Build.0 = Release|Any CPU
	EndGlobalSection
	GlobalSection(SolutionProperties) = preSolution
		HideSolutionNode = FALSE
	EndGlobalSection
	GlobalSection(ExtensibilityGlobals) = postSolution
		SolutionGuid = {6B151716-3D07-4DA4-8C4D-2D2BBE164EAA}
	EndGlobalSection
EndGlobal
